
Microsoft Visual Studio Solution File, Format Version 12.00
# Visual Studio Version 17
VisualStudioVersion = 17.8.34330.188
MinimumVisualStudioVersion = 10.0.40219.1
Project("{FAE04EC0-301F-11D3-BF4B-00C04F79EFBC}") = "L04 - dziedziczenie", "L04 - dziedziczenie\L04 - dziedziczenie.csproj", "{05CA674F-902E-4318-83F4-A0705E8305A2}"
EndProject
Global
	GlobalSection(SolutionConfigurationPlatforms) = preSolution
		Debug|Any CPU = Debug|Any CPU
		Release|Any CPU = Release|Any CPU
	EndGlobalSection
	GlobalSection(ProjectConfigurationPlatforms) = postSolution
		{05CA674F-902E-4318-83F4-A0705E8305A2}.Debug|Any CPU.ActiveCfg = Debug|Any CPU
		{05CA674F-902E-4318-83F4-A0705E8305A2}.Debug|Any CPU.Build.0 = Debug|Any CPU
		{05CA674F-902E-4318-83F4-A0705E8305A2}.Release|Any CPU.ActiveCfg = Release|Any CPU
		{05CA674F-902E-4318-83F4-A0705E8305A2}.Release|Any CPU.Build.0 = Release|Any CPU
	EndGlobalSection
	GlobalSection(SolutionProperties) = preSolution
		HideSolutionNode = FALSE
	EndGlobalSection
	GlobalSection(ExtensibilityGlobals) = postSolution
		SolutionGuid = {25FDB37E-B056-4E49-841C-D1DF048D9FBB}
	EndGlobalSection
EndGlobal
